
Microsoft Visual Studio Solution File, Format Version 12.00
# Visual Studio Version 17
VisualStudioVersion = 17.14.37411.7 d17.14
MinimumVisualStudioVersion = 10.0.40219.1
Project("{FAE04EC0-301F-11D3-BF4B-00C04F79EFBC}") = "Lab03_QLSinhvien", "Lab03_QLSinhvien\Lab03_QLSinhvien.csproj", "{151F820B-D4B8-4BD6-B937-CBB50C67808D}"
EndProject
Global
	GlobalSection(SolutionConfigurationPlatforms) = preSolution
		Debug|Any CPU = Debug|Any CPU
		Release|Any CPU = Release|Any CPU
	EndGlobalSection
	GlobalSection(ProjectConfigurationPlatforms) = postSolution
		{151F820B-D4B8-4BD6-B937-CBB50C67808D}.Debug|Any CPU.ActiveCfg = Debug|Any CPU
		{151F820B-D4B8-4BD6-B937-CBB50C67808D}.Debug|Any CPU.Build.0 = Debug|Any CPU
		{151F820B-D4B8-4BD6-B937-CBB50C67808D}.Release|Any CPU.ActiveCfg = Release|Any CPU
		{151F820B-D4B8-4BD6-B937-CBB50C67808D}.Release|Any CPU.Build.0 = Release|Any CPU
	EndGlobalSection
	GlobalSection(SolutionProperties) = preSolution
		HideSolutionNode = FALSE
	EndGlobalSection
	GlobalSection(ExtensibilityGlobals) = postSolution
		SolutionGuid = {751832D7-91E4-4843-A8CB-1123D5CFF2CD}
	EndGlobalSection
EndGlobal
